<?xml version="1.0" encoding="UTF-8" standalone="yes" ?>
<CodeBlocks_project_file>
	<FileVersion major="1" minor="6" />
	<Project>
		<Option title="Gengine" />
		<Option pch_mode="2" />
		<Option compiler="gcc" />
		<Build>
			<Target title="Debug">
				<Option output="bin/Debug/Gengine" prefix_auto="1" extension_auto="1" />
				<Option working_dir="../engine" />
				<Option object_output="obj/Debug/" />
				<Option type="1" />
				<Option compiler="gcc" />
				<Compiler>
					<Add option="-Wall" />
					<Add option="-g" />
				</Compiler>
			</Target>
			<Target title="Release">
				<Option output="bin/Release/Gengine" prefix_auto="1" extension_auto="1" />
				<Option object_output="obj/Release/" />
				<Option type="1" />
				<Option compiler="gcc" />
				<Compiler>
					<Add option="-O2" />
				</Compiler>
				<Linker>
					<Add option="-s" />
				</Linker>
			</Target>
		</Build>
		<Compiler>
			<Add directory="../libs/SFML-2.1/include" />
			<Add directory="../libs/glm_0944" />
			<Add directory="../libs/FreeImagePlus" />
			<Add directory="../libs/FreeType2" />
		</Compiler>
		<Linker>
			<Add library="sfml-window" />
			<Add library="sfml-system" />
			<Add library="GLEW" />
			<Add library="GL" />
			<Add library="GLU" />
			<Add library="freeimageplus" />
			<Add library="freetype" />
			<Add directory="../libs/SFML-2.1/lib" />
			<Add directory="../libs/FreeImagePlus" />
		</Linker>
		<Unit filename="../engine/FontManagement/FontManagement.cpp" />
		<Unit filename="../engine/FontManagement/FontManagement.hpp" />
		<Unit filename="../engine/Gengine/Gengine.cpp" />
		<Unit filename="../engine/Gengine/Gengine.hpp" />
		<Unit filename="../engine/Gengine/Gengine_OnCleanup.cpp" />
		<Unit filename="../engine/Gengine/Gengine_OnEvent.cpp" />
		<Unit filename="../engine/Gengine/Gengine_OnInit.cpp" />
		<Unit filename="../engine/Gengine/Gengine_OnLoop.cpp" />
		<Unit filename="../engine/Gengine/Gengine_OnRender.cpp" />
		<Unit filename="../engine/Gengine/Gengine_RenderManager.cpp" />
		<Unit filename="../engine/OctreeManagement/OctreeManagement.cpp" />
		<Unit filename="../engine/OctreeManagement/OctreeManagement.hpp" />
		<Unit filename="../engine/Shaders/FontShader.fragment.glsl" />
		<Unit filename="../engine/Shaders/FontShader.vertex.glsl" />
		<Unit filename="../engine/Shaders/MapShader.fragment.glsl" />
		<Unit filename="../engine/Shaders/MapShader.vertex.glsl" />
		<Unit filename="../engine/Shaders/SimpleShader.fragment.glsl" />
		<Unit filename="../engine/Shaders/SimpleShader.vertex.glsl" />
		<Unit filename="../engine/utils/utils.cpp" />
		<Unit filename="../engine/utils/utils.hpp" />
		<Extensions>
			<code_completion />
			<debugger />
		</Extensions>
	</Project>
</CodeBlocks_project_file>
